// !$*UTF8*$!
{
	archiveVersion = 1;
	classes = {
	};
	objectVersion = 50;
	objects = {

/* Begin PBXBuildFile section */
		746F0F23221BC91200AA8778 /* MovieCellTableViewCell.swift in Sources */ = {isa = PBXBuildFile; fileRef = 746F0F22221BC91200AA8778 /* MovieCellTableViewCell.swift */; };
		74B807BC2213C3370027AADA /* AppDelegate.swift in Sources */ = {isa = PBXBuildFile; fileRef = 74B807BB2213C3370027AADA /* AppDelegate.swift */; };
		74B807BE2213C3370027AADA /* ViewController.swift in Sources */ = {isa = PBXBuildFile; fileRef = 74B807BD2213C3370027AADA /* ViewController.swift */; };
		74B807C12213C3370027AADA /* Main.storyboard in Resources */ = {isa = PBXBuildFile; fileRef = 74B807BF2213C3370027AADA /* Main.storyboard */; };
		74B807C42213C3370027AADA /* flixx.xcdatamodeld in Sources */ = {isa = PBXBuildFile; fileRef = 74B807C22213C3370027AADA /* flixx.xcdatamodeld */; };
		74B807C62213C33A0027AADA /* Assets.xcassets in Resources */ = {isa = PBXBuildFile; fileRef = 74B807C52213C33A0027AADA /* Assets.xcassets */; };
		74B807C92213C33A0027AADA /* LaunchScreen.storyboard in Resources */ = {isa = PBXBuildFile; fileRef = 74B807C72213C33A0027AADA /* LaunchScreen.storyboard */; };
		EFF05B6756BA7ED0C2C783A4 /* Pods_flixx.framework in Frameworks */ = {isa = PBXBuildFile; fileRef = 4C040C9F5B118BC2A0AA635A /* Pods_flixx.framework */; };
/* End PBXBuildFile section */

/* Begin PBXFileReference section */
		4C040C9F5B118BC2A0AA635A /* Pods_flixx.framework */ = {isa = PBXFileReference; explicitFileType = wrapper.framework; includeInIndex = 0; path = Pods_flixx.framework; sourceTree = BUILT_PRODUCTS_DIR; };
		746F0F22221BC91200AA8778 /* MovieCellTableViewCell.swift */ = {isa = PBXFileReference; lastKnownFileType = sourcecode.swift; path = MovieCellTableViewCell.swift; sourceTree = "<group>"; };
		74B807B82213C3370027AADA /* flixx.app */ = {isa = PBXFileReference; explicitFileType = wrapper.application; includeInIndex = 0; path = flixx.app; sourceTree = BUILT_PRODUCTS_DIR; };
		74B807BB2213C3370027AADA /* AppDelegate.swift */ = {isa = PBXFileReference; lastKnownFileType = sourcecode.swift; path = AppDelegate.swift; sourceTree = "<group>"; };
		74B807BD2213C3370027AADA /* ViewController.swift */ = {isa = PBXFileReference; lastKnownFileType = sourcecode.swift; path = ViewController.swift; sourceTree = "<group>"; };
		74B807C02213C3370027AADA /* Base */ = {isa = PBXFileReference; lastKnownFileType = file.storyboard; name = Base; path = Base.lproj/Main.storyboard; sourceTree = "<group>"; };
		74B807C32213C3370027AADA /* flixx.xcdatamodel */ = {isa = PBXFileReference; lastKnownFileType = wrapper.xcdatamodel; path = flixx.xcdatamodel; sourceTree = "<group>"; };
		74B807C52213C33A0027AADA /* Assets.xcassets */ = {isa = PBXFileReference; lastKnownFileType = folder.assetcatalog; path = Assets.xcassets; sourceTree = "<group>"; };
		74B807C82213C33A0027AADA /* Base */ = {isa = PBXFileReference; lastKnownFileType = file.storyboard; name = Base; path = Base.lproj/LaunchScreen.storyboard; sourceTree = "<group>"; };
		74B807CA2213C33A0027AADA /* Info.plist */ = {isa = PBXFileReference; lastKnownFileType = text.plist.xml; path = Info.plist; sourceTree = "<group>"; };
		ABF2E860A244726D88407765 /* Pods-flixx.release.xcconfig */ = {isa = PBXFileReference; includeInIndex = 1; lastKnownFileType = text.xcconfig; name = "Pods-flixx.release.xcconfig"; path = "Pods/Target Support Files/Pods-flixx/Pods-flixx.release.xcconfig"; sourceTree = "<group>"; };
		F0BA5F42C23C4A47D3C0E0FB /* Pods-flixx.debug.xcconfig */ = {isa = PBXFileReference; includeInIndex = 1; lastKnownFileType = text.xcconfig; name = "Pods-flixx.debug.xcconfig"; path = "Pods/Target Support Files/Pods-flixx/Pods-flixx.debug.xcconfig"; sourceTree = "<group>"; };
/* End PBXFileReference section */

/* Begin PBXFrameworksBuildPhase section */
		74B807B52213C3370027AADA /* Frameworks */ = {
			isa = PBXFrameworksBuildPhase;
			buildActionMask = 2147483647;
			files = (
				EFF05B6756BA7ED0C2C783A4 /* Pods_flixx.framework in Frameworks */,
			);
			runOnlyForDeploymentPostprocessing = 0;
		};
/* End PBXFrameworksBuildPhase section */

/* Begin PBXGroup section */
		367772154AD04F7F5124E470 /* Frameworks */ = {
			isa = PBXGroup;
			children = (
				4C040C9F5B118BC2A0AA635A /* Pods_flixx.framework */,
			);
			name = Frameworks;
			sourceTree = "<group>";
		};
		74B807AF2213C3370027AADA = {
			isa = PBXGroup;
			children = (
				74B807BA2213C3370027AADA /* flixx */,
				74B807B92213C3370027AADA /* Products */,
				B89B9B9F4F7BCEB663DA50CB /* Pods */,
				367772154AD04F7F5124E470 /* Frameworks */,
			);
			sourceTree = "<group>";
		};
		74B807B92213C3370027AADA /* Products */ = {
			isa = PBXGroup;
			children = (
				74B807B82213C3370027AADA /* flixx.app */,
			);
			name = Products;
			sourceTree = "<group>";
		};
		74B807BA2213C3370027AADA /* flixx */ = {
			isa = PBXGroup;
			children = (
				74B807BB2213C3370027AADA /* AppDelegate.swift */,
				74B807BD2213C3370027AADA /* ViewController.swift */,
				74B807BF2213C3370027AADA /* Main.storyboard */,
				746F0F22221BC91200AA8778 /* MovieCellTableViewCell.swift */,
				74B807C52213C33A0027AADA /* Assets.xcassets */,
				74B807C72213C33A0027AADA /* LaunchScreen.storyboard */,
				74B807CA2213C33A0027AADA /* Info.plist */,
				74B807C22213C3370027AADA /* flixx.xcdatamodeld */,
			);
			path = flixx;
			sourceTree = "<group>";
		};
		B89B9B9F4F7BCEB663DA50CB /* Pods */ = {
			isa = PBXGroup;
			children = (
				F0BA5F42C23C4A47D3C0E0FB /* Pods-flixx.debug.xcconfig */,
				ABF2E860A244726D88407765 /* Pods-flixx.release.xcconfig */,
			);
			name = Pods;
			sourceTree = "<group>";
		};
/* End PBXGroup section */

/* Begin PBXNativeTarget section */
		74B807B72213C3370027AADA /* flixx */ = {
			isa = PBXNativeTarget;
			buildConfigurationList = 74B807CD2213C33A0027AADA /* Build configuration list for PBXNativeTarget "flixx" */;
			buildPhases = (
				09CE6BCF4DC2A8EEEE0AC96D /* [CP] Check Pods Manifest.lock */,
				74B807B42213C3370027AADA /* Sources */,
				74B807B52213C3370027AADA /* Frameworks */,
				74B807B62213C3370027AADA /* Resources */,
				415EB5F87CB30A2DF06C3C47 /* [CP] Embed Pods Frameworks */,
			);
			buildRules = (
			);
			dependencies = (
			);
			name = flixx;
			productName = flixx;
			productReference = 74B807B82213C3370027AADA /* flixx.app */;
			productType = "com.apple.product-type.application";
		};
/* End PBXNativeTarget section */

/* Begin PBXProject section */
		74B807B02213C3370027AADA /* Project object */ = {
			isa = PBXProject;
			attributes = {
				LastSwiftUpdateCheck = 1010;
				LastUpgradeCheck = 1010;
				ORGANIZATIONNAME = "Tiffany Pan";
				TargetAttributes = {
					74B807B72213C3370027AADA = {
						CreatedOnToolsVersion = 10.1;
					};
				};
			};
			buildConfigurationList = 74B807B32213C3370027AADA /* Build configuration list for PBXProject "flixx" */;
			compatibilityVersion = "Xcode 9.3";
			developmentRegion = en;
			hasScannedForEncodings = 0;
			knownRegions = (
				en,
				Base,
			);
			mainGroup = 74B807AF2213C3370027AADA;
			productRefGroup = 74B807B92213C3370027AADA /* Products */;
			projectDirPath = "";
			projectRoot = "";
			targets = (
				74B807B72213C3370027AADA /* flixx */,
			);
		};
/* End PBXProject section */

/* Begin PBXResourcesBuildPhase section */
		74B807B62213C3370027AADA /* Resources */ = {
			isa = PBXResourcesBuildPhase;
			buildActionMask = 2147483647;
			files = (
				74B807C92213C33A0027AADA /* LaunchScreen.storyboard in Resources */,
				74B807C62213C33A0027AADA /* Assets.xcassets in Resources */,
				74B807C12213C3370027AADA /* Main.storyboard in Resources */,
			);
			runOnlyForDeploymentPostprocessing = 0;
		};
/* End PBXResourcesBuildPhase section */

/* Begin PBXShellScriptBuildPhase section */
		09CE6BCF4DC2A8EEEE0AC96D /* [CP] Check Pods Manifest.lock */ = {
			isa = PBXShellScriptBuildPhase;
			buildActionMask = 2147483647;
			files = (
			);
			inputFileListPaths = (
			);
			inputPaths = (
				"${PODS_PODFILE_DIR_PATH}/Podfile.lock",
				"${PODS_ROOT}/Manifest.lock",
			);
			name = "[CP] Check Pods Manifest.lock";
			outputFileListPaths = (
			);
			outputPaths = (
				"$(DERIVED_FILE_DIR)/Pods-flixx-checkManifestLockResult.txt",
			);
			runOnlyForDeploymentPostprocessing = 0;
			shellPath = /bin/sh;
			shellScript = "diff \"${PODS_PODFILE_DIR_PATH}/Podfile.lock\" \"${PODS_ROOT}/Manifest.lock\" > /dev/null\nif [ $? != 0 ] ; then\n    # print error to STDERR\n    echo \"error: The sandbox is not in sync with the Podfile.lock. Run 'pod install' or update your CocoaPods installation.\" >&2\n    exit 1\nfi\n# This output is used by Xcode 'outputs' to avoid re-running this script phase.\necho \"SUCCESS\" > \"${SCRIPT_OUTPUT_FILE_0}\"\n";
			showEnvVarsInLog = 0;
		};
		415EB5F87CB30A2DF06C3C47 /* [CP] Embed Pods Frameworks */ = {
			isa = PBXShellScriptBuildPhase;
			buildActionMask = 2147483647;
			files = (
			);
			inputFileListPaths = (
			);
			inputPaths = (
				"${SRCROOT}/Pods/Target Support Files/Pods-flixx/Pods-flixx-frameworks.sh",
				"${BUILT_PRODUCTS_DIR}/Alamofire/Alamofire.framework",
				"${BUILT_PRODUCTS_DIR}/AlamofireImage/AlamofireImage.framework",
			);
			name = "[CP] Embed Pods Frameworks";
			outputFileListPaths = (
			);
			outputPaths = (
				"${TARGET_BUILD_DIR}/${FRAMEWORKS_FOLDER_PATH}/Alamofire.framework",
				"${TARGET_BUILD_DIR}/${FRAMEWORKS_FOLDER_PATH}/AlamofireImage.framework",
			);
			runOnlyForDeploymentPostprocessing = 0;
			shellPath = /bin/sh;
			shellScript = "\"${SRCROOT}/Pods/Target Support Files/Pods-flixx/Pods-flixx-frameworks.sh\"\n";
			showEnvVarsInLog = 0;
		};
/* End PBXShellScriptBuildPhase section */

/* Begin PBXSourcesBuildPhase section */
		74B807B42213C3370027AADA /* Sources */ = {
			isa = PBXSourcesBuildPhase;
			buildActionMask = 2147483647;
			files = (
				74B807BE2213C3370027AADA /* ViewController.swift in Sources */,
				74B807C42213C3370027AADA /* flixx.xcdatamodeld in Sources */,
				746F0F23221BC91200AA8778 /* MovieCellTableViewCell.swift in Sources */,
				74B807BC2213C3370027AADA /* AppDelegate.swift in Sources */,
			);
			runOnlyForDeploymentPostprocessing = 0;
		};
/* End PBXSourcesBuildPhase section */

/* Begin PBXVariantGroup section */
		74B807BF2213C3370027AADA /* Main.storyboard */ = {
			isa = PBXVariantGroup;
			children = (
				74B807C02213C3370027AADA /* Base */,
			);
			name = Main.storyboard;
			sourceTree = "<group>";
		};
		74B807C72213C33A0027AADA /* LaunchScreen.storyboard */ = {
			isa = PBXVariantGroup;
			children = (
				74B807C82213C33A0027AADA /* Base */,
			);
			name = LaunchScreen.storyboard;
			sourceTree = "<group>";
		};
/* End PBXVariantGroup section */

/* Begin XCBuildConfiguration section */
		74B807CB2213C33A0027AADA /* Debug */ = {
			isa = XCBuildConfiguration;
			buildSettings = {
				ALWAYS_SEARCH_USER_PATHS = NO;
				CLANG_ANALYZER_NONNULL = YES;
				CLANG_ANALYZER_NUMBER_OBJECT_CONVERSION = YES_AGGRESSIVE;
				CLANG_CXX_LANGUAGE_STANDARD = "gnu++14";
				CLANG_CXX_LIBRARY = "libc++";
				CLANG_ENABLE_MODULES = YES;
				CLANG_ENABLE_OBJC_ARC = YES;
				CLANG_ENABLE_OBJC_WEAK = YES;
				CLANG_WARN_BLOCK_CAPTURE_AUTORELEASING = YES;
				CLANG_WARN_BOOL_CONVERSION = YES;
				CLANG_WARN_COMMA = YES;
				CLANG_WARN_CONSTANT_CONVERSION = YES;
				CLANG_WARN_DEPRECATED_OBJC_IMPLEMENTATIONS = YES;
				CLANG_WARN_DIRECT_OBJC_ISA_USAGE = YES_ERROR;
				CLANG_WARN_DOCUMENTATION_COMMENTS = YES;
				CLANG_WARN_EMPTY_BODY = YES;
				CLANG_WARN_ENUM_CONVERSION = YES;
				CLANG_WARN_INFINITE_RECURSION = YES;
				CLANG_WARN_INT_CONVERSION = YES;
				CLANG_WARN_NON_LITERAL_NULL_CONVERSION = YES;
				CLANG_WARN_OBJC_IMPLICIT_RETAIN_SELF = YES;
				CLANG_WARN_OBJC_LITERAL_CONVERSION = YES;
				CLANG_WARN_OBJC_ROOT_CLASS = YES_ERROR;
				CLANG_WARN_RANGE_LOOP_ANALYSIS = YES;
				CLANG_WARN_STRICT_PROTOTYPES = YES;
				CLANG_WARN_SUSPICIOUS_MOVE = YES;
				CLANG_WARN_UNGUARDED_AVAILABILITY = YES_AGGRESSIVE;
				CLANG_WARN_UNREACHABLE_CODE = YES;
				CLANG_WARN__DUPLICATE_METHOD_MATCH = YES;
				CODE_SIGN_IDENTITY = "iPhone Developer";
				COPY_PHASE_STRIP = NO;
				DEBUG_INFORMATION_FORMAT = dwarf;
				ENABLE_STRICT_OBJC_MSGSEND = YES;
				ENABLE_TESTABILITY = YES;
				GCC_C_LANGUAGE_STANDARD = gnu11;
				GCC_DYNAMIC_NO_PIC = NO;
				GCC_NO_COMMON_BLOCKS = YES;
				GCC_OPTIMIZATION_LEVEL = 0;
				GCC_PREPROCESSOR_DEFINITIONS = (
					"DEBUG=1",
					"$(inherited)",
				);
				GCC_WARN_64_TO_32_BIT_CONVERSION = YES;
				GCC_WARN_ABOUT_RETURN_TYPE = YES_ERROR;
				GCC_WARN_UNDECLARED_SELECTOR = YES;
				GCC_WARN_UNINITIALIZED_AUTOS = YES_AGGRESSIVE;
				GCC_WARN_UNUSED_FUNCTION = YES;
				GCC_WARN_UNUSED_VARIABLE = YES;
				IPHONEOS_DEPLOYMENT_TARGET = 12.1;
				MTL_ENABLE_DEBUG_INFO = INCLUDE_SOURCE;
				MTL_FAST_MATH = YES;
				ONLY_ACTIVE_ARCH = YES;
				SDKROOT = iphoneos;
				SWIFT_ACTIVE_COMPILATION_CONDITIONS = DEBUG;
				SWIFT_OPTIMIZATION_LEVEL = "-Onone";
			};
			name = Debug;
		};
		74B807CC2213C33A0027AADA /* Release */ = {
			isa = XCBuildConfiguration;
			buildSettings = {
				ALWAYS_SEARCH_USER_PATHS = NO;
				CLANG_ANALYZER_NONNULL = YES;
				CLANG_ANALYZER_NUMBER_OBJECT_CONVERSION = YES_AGGRESSIVE;
				CLANG_CXX_LANGUAGE_STANDARD = "gnu++14";
				CLANG_CXX_LIBRARY = "libc++";
				CLANG_ENABLE_MODULES = YES;
				CLANG_ENABLE_OBJC_ARC = YES;
				CLANG_ENABLE_OBJC_WEAK = YES;
				CLANG_WARN_BLOCK_CAPTURE_AUTORELEASING = YES;
				CLANG_WARN_BOOL_CONVERSION = YES;
				CLANG_WARN_COMMA = YES;
				CLANG_WARN_CONSTANT_CONVERSION = YES;
				CLANG_WARN_DEPRECATED_OBJC_IMPLEMENTATIONS = YES;
				CLANG_WARN_DIRECT_OBJC_ISA_USAGE = YES_ERROR;
				CLANG_WARN_DOCUMENTATION_COMMENTS = YES;
				CLANG_WARN_EMPTY_BODY = YES;
				CLANG_WARN_ENUM_CONVERSION = YES;
				CLANG_WARN_INFINITE_RECURSION = YES;
				CLANG_WARN_INT_CONVERSION = YES;
				CLANG_WARN_NON_LITERAL_NULL_CONVERSION = YES;
				CLANG_WARN_OBJC_IMPLICIT_RETAIN_SELF = YES;
				CLANG_WARN_OBJC_LITERAL_CONVERSION = YES;
				CLANG_WARN_OBJC_ROOT_CLASS = YES_ERROR;
				CLANG_WARN_RANGE_LOOP_ANALYSIS = YES;
				CLANG_WARN_STRICT_PROTOTYPES = YES;
				CLANG_WARN_SUSPICIOUS_MOVE = YES;
				CLANG_WARN_UNGUARDED_AVAILABILITY = YES_AGGRESSIVE;
				CLANG_WARN_UNREACHABLE_CODE = YES;
				CLANG_WARN__DUPLICATE_METHOD_MATCH = YES;
				CODE_SIGN_IDENTITY = "iPhone Developer";
				COPY_PHASE_STRIP = NO;
				DEBUG_INFORMATION_FORMAT = "dwarf-with-dsym";
				ENABLE_NS_ASSERTIONS = NO;
				ENABLE_STRICT_OBJC_MSGSEND = YES;
				GCC_C_LANGUAGE_STANDARD = gnu11;
				GCC_NO_COMMON_BLOCKS = YES;
				GCC_WARN_64_TO_32_BIT_CONVERSION = YES;
				GCC_WARN_ABOUT_RETURN_TYPE = YES_ERROR;
				GCC_WARN_UNDECLARED_SELECTOR = YES;
				GCC_WARN_UNINITIALIZED_AUTOS = YES_AGGRESSIVE;
				GCC_WARN_UNUSED_FUNCTION = YES;
				GCC_WARN_UNUSED_VARIABLE = YES;
				IPHONEOS_DEPLOYMENT_TARGET = 12.1;
				MTL_ENABLE_DEBUG_INFO = NO;
				MTL_FAST_MATH = YES;
				SDKROOT = iphoneos;
				SWIFT_COMPILATION_MODE = wholemodule;
				SWIFT_OPTIMIZATION_LEVEL = "-O";
				VALIDATE_PRODUCT = YES;
			};
			name = Release;
		};
		74B807CE2213C33A0027AADA /* Debug */ = {
			isa = XCBuildConfiguration;
			baseConfigurationReference = F0BA5F42C23C4A47D3C0E0FB /* Pods-flixx.debug.xcconfig */;
			buildSettings = {
				ASSETCATALOG_COMPILER_APPICON_NAME = AppIcon;
				CODE_SIGN_STYLE = Automatic;
				DEVELOPMENT_TEAM = YU49B58PNM;
				INFOPLIST_FILE = flixx/Info.plist;
				LD_RUNPATH_SEARCH_PATHS = (
					"$(inherited)",
					"@executable_path/Frameworks",
				);
				PRODUCT_BUNDLE_IDENTIFIER = "com.tiffany-pan.flixx";
				PRODUCT_NAME = "$(TARGET_NAME)";
				SWIFT_VERSION = 4.2;
				TARGETED_DEVICE_FAMILY = "1,2";
			};
			name = Debug;
		};
		74B807CF2213C33A0027AADA /* Release */ = {
			isa = XCBuildConfiguration;
			baseConfigurationReference = ABF2E860A244726D88407765 /* Pods-flixx.release.xcconfig */;
			buildSettings = {
				ASSETCATALOG_COMPILER_APPICON_NAME = AppIcon;
				CODE_SIGN_STYLE = Automatic;
				DEVELOPMENT_TEAM = YU49B58PNM;
				INFOPLIST_FILE = flixx/Info.plist;
				LD_RUNPATH_SEARCH_PATHS = (
					"$(inherited)",
					"@executable_path/Frameworks",
				);
				PRODUCT_BUNDLE_IDENTIFIER = "com.tiffany-pan.flixx";
				PRODUCT_NAME = "$(TARGET_NAME)";
				SWIFT_VERSION = 4.2;
				TARGETED_DEVICE_FAMILY = "1,2";
			};
			name = Release;
		};
/* End XCBuildConfiguration section */

/* Begin XCConfigurationList section */
		74B807B32213C3370027AADA /* Build configuration list for PBXProject "flixx" */ = {
			isa = XCConfigurationList;
			buildConfigurations = (
				74B807CB2213C33A0027AADA /* Debug */,
				74B807CC2213C33A0027AADA /* Release */,
			);
			defaultConfigurationIsVisible = 0;
			defaultConfigurationName = Release;
		};
		74B807CD2213C33A0027AADA /* Build configuration list for PBXNativeTarget "flixx" */ = {
			isa = XCConfigurationList;
			buildConfigurations = (
				74B807CE2213C33A0027AADA /* Debug */,
				74B807CF2213C33A0027AADA /* Release */,
			);
			defaultConfigurationIsVisible = 0;
			defaultConfigurationName = Release;
		};
/* End XCConfigurationList section */

/* Begin XCVersionGroup section */
		74B807C22213C3370027AADA /* flixx.xcdatamodeld */ = {
			isa = XCVersionGroup;
			children = (
				74B807C32213C3370027AADA /* flixx.xcdatamodel */,
			);
			currentVersion = 74B807C32213C3370027AADA /* flixx.xcdatamodel */;
			path = flixx.xcdatamodeld;
			sourceTree = "<group>";
			versionGroupType = wrapper.xcdatamodel;
		};
/* End XCVersionGroup section */
	};
	rootObject = 74B807B02213C3370027AADA /* Project object */;
}
